// !$*UTF8*$!
{
	archiveVersion = 1;
	classes = {
	};
	objectVersion = 46;
	objects = {

/* Begin PBXBuildFile section */
		C239F7601B38E9D9002EB945 /* AppDelegate.swift in Sources */ = {isa = PBXBuildFile; fileRef = C239F75F1B38E9D9002EB945 /* AppDelegate.swift */; };
		C239F7621B38E9D9002EB945 /* ViewController.swift in Sources */ = {isa = PBXBuildFile; fileRef = C239F7611B38E9D9002EB945 /* ViewController.swift */; };
		C239F7651B38E9D9002EB945 /* Main.storyboard in Resources */ = {isa = PBXBuildFile; fileRef = C239F7631B38E9D9002EB945 /* Main.storyboard */; };
		C239F7671B38E9D9002EB945 /* Images.xcassets in Resources */ = {isa = PBXBuildFile; fileRef = C239F7661B38E9D9002EB945 /* Images.xcassets */; };
		C239F76A1B38E9D9002EB945 /* LaunchScreen.xib in Resources */ = {isa = PBXBuildFile; fileRef = C239F7681B38E9D9002EB945 /* LaunchScreen.xib */; };
		C239F7761B38E9D9002EB945 /* IsItPrimeTests.swift in Sources */ = {isa = PBXBuildFile; fileRef = C239F7751B38E9D9002EB945 /* IsItPrimeTests.swift */; };
/* End PBXBuildFile section */

/* Begin PBXContainerItemProxy section */
		C239F7701B38E9D9002EB945 /* PBXContainerItemProxy */ = {
			isa = PBXContainerItemProxy;
			containerPortal = C239F7521B38E9D9002EB945 /* Project object */;
			proxyType = 1;
			remoteGlobalIDString = C239F7591B38E9D9002EB945;
			remoteInfo = IsItPrime;
		};
/* End PBXContainerItemProxy section */

/* Begin PBXFileReference section */
		C239F75A1B38E9D9002EB945 /* IsItPrime.app */ = {isa = PBXFileReference; explicitFileType = wrapper.application; includeInIndex = 0; path = IsItPrime.app; sourceTree = BUILT_PRODUCTS_DIR; };
		C239F75E1B38E9D9002EB945 /* Info.plist */ = {isa = PBXFileReference; lastKnownFileType = text.plist.xml; path = Info.plist; sourceTree = "<group>"; };
		C239F75F1B38E9D9002EB945 /* AppDelegate.swift */ = {isa = PBXFileReference; lastKnownFileType = sourcecode.swift; path = AppDelegate.swift; sourceTree = "<group>"; };
		C239F7611B38E9D9002EB945 /* ViewController.swift */ = {isa = PBXFileReference; lastKnownFileType = sourcecode.swift; path = ViewController.swift; sourceTree = "<group>"; };
		C239F7641B38E9D9002EB945 /* Base */ = {isa = PBXFileReference; lastKnownFileType = file.storyboard; name = Base; path = Base.lproj/Main.storyboard; sourceTree = "<group>"; };
		C239F7661B38E9D9002EB945 /* Images.xcassets */ = {isa = PBXFileReference; lastKnownFileType = folder.assetcatalog; path = Images.xcassets; sourceTree = "<group>"; };
		C239F7691B38E9D9002EB945 /* Base */ = {isa = PBXFileReference; lastKnownFileType = file.xib; name = Base; path = Base.lproj/LaunchScreen.xib; sourceTree = "<group>"; };
		C239F76F1B38E9D9002EB945 /* IsItPrimeTests.xctest */ = {isa = PBXFileReference; explicitFileType = wrapper.cfbundle; includeInIndex = 0; path = IsItPrimeTests.xctest; sourceTree = BUILT_PRODUCTS_DIR; };
		C239F7741B38E9D9002EB945 /* Info.plist */ = {isa = PBXFileReference; lastKnownFileType = text.plist.xml; path = Info.plist; sourceTree = "<group>"; };
		C239F7751B38E9D9002EB945 /* IsItPrimeTests.swift */ = {isa = PBXFileReference; lastKnownFileType = sourcecode.swift; path = IsItPrimeTests.swift; sourceTree = "<group>"; };
/* End PBXFileReference section */

/* Begin PBXFrameworksBuildPhase section */
		C239F7571B38E9D9002EB945 /* Frameworks */ = {
			isa = PBXFrameworksBuildPhase;
			buildActionMask = 2147483647;
			files = (
			);
			runOnlyForDeploymentPostprocessing = 0;
		};
		C239F76C1B38E9D9002EB945 /* Frameworks */ = {
			isa = PBXFrameworksBuildPhase;
			buildActionMask = 2147483647;
			files = (
			);
			runOnlyForDeploymentPostprocessing = 0;
		};
/* End PBXFrameworksBuildPhase section */

/* Begin PBXGroup section */
		C239F7511B38E9D9002EB945 = {
			isa = PBXGroup;
			children = (
				C239F75C1B38E9D9002EB945 /* IsItPrime */,
				C239F7721B38E9D9002EB945 /* IsItPrimeTests */,
				C239F75B1B38E9D9002EB945 /* Products */,
			);
			sourceTree = "<group>";
		};
		C239F75B1B38E9D9002EB945 /* Products */ = {
			isa = PBXGroup;
			children = (
				C239F75A1B38E9D9002EB945 /* IsItPrime.app */,
				C239F76F1B38E9D9002EB945 /* IsItPrimeTests.xctest */,
			);
			name = Products;
			sourceTree = "<group>";
		};
		C239F75C1B38E9D9002EB945 /* IsItPrime */ = {
			isa = PBXGroup;
			children = (
				C239F75F1B38E9D9002EB945 /* AppDelegate.swift */,
				C239F7611B38E9D9002EB945 /* ViewController.swift */,
				C239F7631B38E9D9002EB945 /* Main.storyboard */,
				C239F7661B38E9D9002EB945 /* Images.xcassets */,
				C239F7681B38E9D9002EB945 /* LaunchScreen.xib */,
				C239F75D1B38E9D9002EB945 /* Supporting Files */,
			);
			path = IsItPrime;
			sourceTree = "<group>";
		};
		C239F75D1B38E9D9002EB945 /* Supporting Files */ = {
			isa = PBXGroup;
			children = (
				C239F75E1B38E9D9002EB945 /* Info.plist */,
			);
			name = "Supporting Files";
			sourceTree = "<group>";
		};
		C239F7721B38E9D9002EB945 /* IsItPrimeTests */ = {
			isa = PBXGroup;
			children = (
				C239F7751B38E9D9002EB945 /* IsItPrimeTests.swift */,
				C239F7731B38E9D9002EB945 /* Supporting Files */,
			);
			path = IsItPrimeTests;
			sourceTree = "<group>";
		};
		C239F7731B38E9D9002EB945 /* Supporting Files */ = {
			isa = PBXGroup;
			children = (
				C239F7741B38E9D9002EB945 /* Info.plist */,
			);
			name = "Supporting Files";
			sourceTree = "<group>";
		};
/* End PBXGroup section */

/* Begin PBXNativeTarget section */
		C239F7591B38E9D9002EB945 /* IsItPrime */ = {
			isa = PBXNativeTarget;
			buildConfigurationList = C239F7791B38E9D9002EB945 /* Build configuration list for PBXNativeTarget "IsItPrime" */;
			buildPhases = (
				C239F7561B38E9D9002EB945 /* Sources */,
				C239F7571B38E9D9002EB945 /* Frameworks */,
				C239F7581B38E9D9002EB945 /* Resources */,
			);
			buildRules = (
			);
			dependencies = (
			);
			name = IsItPrime;
			productName = IsItPrime;
			productReference = C239F75A1B38E9D9002EB945 /* IsItPrime.app */;
			productType = "com.apple.product-type.application";
		};
		C239F76E1B38E9D9002EB945 /* IsItPrimeTests */ = {
			isa = PBXNativeTarget;
			buildConfigurationList = C239F77C1B38E9D9002EB945 /* Build configuration list for PBXNativeTarget "IsItPrimeTests" */;
			buildPhases = (
				C239F76B1B38E9D9002EB945 /* Sources */,
				C239F76C1B38E9D9002EB945 /* Frameworks */,
				C239F76D1B38E9D9002EB945 /* Resources */,
			);
			buildRules = (
			);
			dependencies = (
				C239F7711B38E9D9002EB945 /* PBXTargetDependency */,
			);
			name = IsItPrimeTests;
			productName = IsItPrimeTests;
			productReference = C239F76F1B38E9D9002EB945 /* IsItPrimeTests.xctest */;
			productType = "com.apple.product-type.bundle.unit-test";
		};
/* End PBXNativeTarget section */

/* Begin PBXProject section */
		C239F7521B38E9D9002EB945 /* Project object */ = {
			isa = PBXProject;
			attributes = {
				LastUpgradeCheck = 0630;
				ORGANIZATIONNAME = "Brad Guner";
				TargetAttributes = {
					C239F7591B38E9D9002EB945 = {
						CreatedOnToolsVersion = 6.3.2;
					};
					C239F76E1B38E9D9002EB945 = {
						CreatedOnToolsVersion = 6.3.2;
						TestTargetID = C239F7591B38E9D9002EB945;
					};
				};
			};
			buildConfigurationList = C239F7551B38E9D9002EB945 /* Build configuration list for PBXProject "IsItPrime" */;
			compatibilityVersion = "Xcode 3.2";
			developmentRegion = English;
			hasScannedForEncodings = 0;
			knownRegions = (
				en,
				Base,
			);
			mainGroup = C239F7511B38E9D9002EB945;
			productRefGroup = C239F75B1B38E9D9002EB945 /* Products */;
			projectDirPath = "";
			projectRoot = "";
			targets = (
				C239F7591B38E9D9002EB945 /* IsItPrime */,
				C239F76E1B38E9D9002EB945 /* IsItPrimeTests */,
			);
		};
/* End PBXProject section */

/* Begin PBXResourcesBuildPhase section */
		C239F7581B38E9D9002EB945 /* Resources */ = {
			isa = PBXResourcesBuildPhase;
			buildActionMask = 2147483647;
			files = (
				C239F7651B38E9D9002EB945 /* Main.storyboard in Resources */,
				C239F76A1B38E9D9002EB945 /* LaunchScreen.xib in Resources */,
				C239F7671B38E9D9002EB945 /* Images.xcassets in Resources */,
			);
			runOnlyForDeploymentPostprocessing = 0;
		};
		C239F76D1B38E9D9002EB945 /* Resources */ = {
			isa = PBXResourcesBuildPhase;
			buildActionMask = 2147483647;
			files = (
			);
			runOnlyForDeploymentPostprocessing = 0;
		};
/* End PBXResourcesBuildPhase section */

/* Begin PBXSourcesBuildPhase section */
		C239F7561B38E9D9002EB945 /* Sources */ = {
			isa = PBXSourcesBuildPhase;
			buildActionMask = 2147483647;
			files = (
				C239F7621B38E9D9002EB945 /* ViewController.swift in Sources */,
				C239F7601B38E9D9002EB945 /* AppDelegate.swift in Sources */,
			);
			runOnlyForDeploymentPostprocessing = 0;
		};
		C239F76B1B38E9D9002EB945 /* Sources */ = {
			isa = PBXSourcesBuildPhase;
			buildActionMask = 2147483647;
			files = (
				C239F7761B38E9D9002EB945 /* IsItPrimeTests.swift in Sources */,
			);
			runOnlyForDeploymentPostprocessing = 0;
		};
/* End PBXSourcesBuildPhase section */

/* Begin PBXTargetDependency section */
		C239F7711B38E9D9002EB945 /* PBXTargetDependency */ = {
			isa = PBXTargetDependency;
			target = C239F7591B38E9D9002EB945 /* IsItPrime */;
			targetProxy = C239F7701B38E9D9002EB945 /* PBXContainerItemProxy */;
		};
/* End PBXTargetDependency section */

/* Begin PBXVariantGroup section */
		C239F7631B38E9D9002EB945 /* Main.storyboard */ = {
			isa = PBXVariantGroup;
			children = (
				C239F7641B38E9D9002EB945 /* Base */,
			);
			name = Main.storyboard;
			sourceTree = "<group>";
		};
		C239F7681B38E9D9002EB945 /* LaunchScreen.xib */ = {
			isa = PBXVariantGroup;
			children = (
				C239F7691B38E9D9002EB945 /* Base */,
			);
			name = LaunchScreen.xib;
			sourceTree = "<group>";
		};
/* End PBXVariantGroup section */

/* Begin XCBuildConfiguration section */
		C239F7771B38E9D9002EB945 /* Debug */ = {
			isa = XCBuildConfiguration;
			buildSettings = {
				ALWAYS_SEARCH_USER_PATHS = NO;
				CLANG_CXX_LANGUAGE_STANDARD = "gnu++0x";
				CLANG_CXX_LIBRARY = "libc++";
				CLANG_ENABLE_MODULES = YES;
				CLANG_ENABLE_OBJC_ARC = YES;
				CLANG_WARN_BOOL_CONVERSION = YES;
				CLANG_WARN_CONSTANT_CONVERSION = YES;
				CLANG_WARN_DIRECT_OBJC_ISA_USAGE = YES_ERROR;
				CLANG_WARN_EMPTY_BODY = YES;
				CLANG_WARN_ENUM_CONVERSION = YES;
				CLANG_WARN_INT_CONVERSION = YES;
				CLANG_WARN_OBJC_ROOT_CLASS = YES_ERROR;
				CLANG_WARN_UNREACHABLE_CODE = YES;
				CLANG_WARN__DUPLICATE_METHOD_MATCH = YES;
				"CODE_SIGN_IDENTITY[sdk=iphoneos*]" = "iPhone Developer";
				COPY_PHASE_STRIP = NO;
				DEBUG_INFORMATION_FORMAT = "dwarf-with-dsym";
				ENABLE_STRICT_OBJC_MSGSEND = YES;
				GCC_C_LANGUAGE_STANDARD = gnu99;
				GCC_DYNAMIC_NO_PIC = NO;
				GCC_NO_COMMON_BLOCKS = YES;
				GCC_OPTIMIZATION_LEVEL = 0;
				GCC_PREPROCESSOR_DEFINITIONS = (
					"DEBUG=1",
					"$(inherited)",
				);
				GCC_SYMBOLS_PRIVATE_EXTERN = NO;
				GCC_WARN_64_TO_32_BIT_CONVERSION = YES;
				GCC_WARN_ABOUT_RETURN_TYPE = YES_ERROR;
				GCC_WARN_UNDECLARED_SELECTOR = YES;
				GCC_WARN_UNINITIALIZED_AUTOS = YES_AGGRESSIVE;
				GCC_WARN_UNUSED_FUNCTION = YES;
				GCC_WARN_UNUSED_VARIABLE = YES;
				IPHONEOS_DEPLOYMENT_TARGET = 8.3;
				MTL_ENABLE_DEBUG_INFO = YES;
				ONLY_ACTIVE_ARCH = YES;
				SDKROOT = iphoneos;
				SWIFT_OPTIMIZATION_LEVEL = "-Onone";
			};
			name = Debug;
		};
		C239F7781B38E9D9002EB945 /* Release */ = {
			isa = XCBuildConfiguration;
			buildSettings = {
				ALWAYS_SEARCH_USER_PATHS = NO;
				CLANG_CXX_LANGUAGE_STANDARD = "gnu++0x";
				CLANG_CXX_LIBRARY = "libc++";
				CLANG_ENABLE_MODULES = YES;
				CLANG_ENABLE_OBJC_ARC = YES;
				CLANG_WARN_BOOL_CONVERSION = YES;
				CLANG_WARN_CONSTANT_CONVERSION = YES;
				CLANG_WARN_DIRECT_OBJC_ISA_USAGE = YES_ERROR;
				CLANG_WARN_EMPTY_BODY = YES;
				CLANG_WARN_ENUM_CONVERSION = YES;
				CLANG_WARN_INT_CONVERSION = YES;
				CLANG_WARN_OBJC_ROOT_CLASS = YES_ERROR;
				CLANG_WARN_UNREACHABLE_CODE = YES;
				CLANG_WARN__DUPLICATE_METHOD_MATCH = YES;
				"CODE_SIGN_IDENTITY[sdk=iphoneos*]" = "iPhone Developer";
				COPY_PHASE_STRIP = NO;
				DEBUG_INFORMATION_FORMAT = "dwarf-with-dsym";
				ENABLE_NS_ASSERTIONS = NO;
				ENABLE_STRICT_OBJC_MSGSEND = YES;
				GCC_C_LANGUAGE_STANDARD = gnu99;
				GCC_NO_COMMON_BLOCKS = YES;
				GCC_WARN_64_TO_32_BIT_CONVERSION = YES;
				GCC_WARN_ABOUT_RETURN_TYPE = YES_ERROR;
				GCC_WARN_UNDECLARED_SELECTOR = YES;
				GCC_WARN_UNINITIALIZED_AUTOS = YES_AGGRESSIVE;
				GCC_WARN_UNUSED_FUNCTION = YES;
				GCC_WARN_UNUSED_VARIABLE = YES;
				IPHONEOS_DEPLOYMENT_TARGET = 8.3;
				MTL_ENABLE_DEBUG_INFO = NO;
				SDKROOT = iphoneos;
				VALIDATE_PRODUCT = YES;
			};
			name = Release;
		};
		C239F77A1B38E9D9002EB945 /* Debug */ = {
			isa = XCBuildConfiguration;
			buildSettings = {
				ASSETCATALOG_COMPILER_APPICON_NAME = AppIcon;
				INFOPLIST_FILE = IsItPrime/Info.plist;
				LD_RUNPATH_SEARCH_PATHS = "$(inherited) @executable_path/Frameworks";
				PRODUCT_NAME = "$(TARGET_NAME)";
			};
			name = Debug;
		};
		C239F77B1B38E9D9002EB945 /* Release */ = {
			isa = XCBuildConfiguration;
			buildSettings = {
				ASSETCATALOG_COMPILER_APPICON_NAME = AppIcon;
				INFOPLIST_FILE = IsItPrime/Info.plist;
				LD_RUNPATH_SEARCH_PATHS = "$(inherited) @executable_path/Frameworks";
				PRODUCT_NAME = "$(TARGET_NAME)";
			};
			name = Release;
		};
		C239F77D1B38E9D9002EB945 /* Debug */ = {
			isa = XCBuildConfiguration;
			buildSettings = {
				BUNDLE_LOADER = "$(TEST_HOST)";
				FRAMEWORK_SEARCH_PATHS = (
					"$(SDKROOT)/Developer/Library/Frameworks",
					"$(inherited)",
				);
				GCC_PREPROCESSOR_DEFINITIONS = (
					"DEBUG=1",
					"$(inherited)",
				);
				INFOPLIST_FILE = IsItPrimeTests/Info.plist;
				LD_RUNPATH_SEARCH_PATHS = "$(inherited) @executable_path/Frameworks @loader_path/Frameworks";
				PRODUCT_NAME = "$(TARGET_NAME)";
				TEST_HOST = "$(BUILT_PRODUCTS_DIR)/IsItPrime.app/IsItPrime";
			};
			name = Debug;
		};
		C239F77E1B38E9D9002EB945 /* Release */ = {
			isa = XCBuildConfiguration;
			buildSettings = {
				BUNDLE_LOADER = "$(TEST_HOST)";
				FRAMEWORK_SEARCH_PATHS = (
					"$(SDKROOT)/Developer/Library/Frameworks",
					"$(inherited)",
				);
				INFOPLIST_FILE = IsItPrimeTests/Info.plist;
				LD_RUNPATH_SEARCH_PATHS = "$(inherited) @executable_path/Frameworks @loader_path/Frameworks";
				PRODUCT_NAME = "$(TARGET_NAME)";
				TEST_HOST = "$(BUILT_PRODUCTS_DIR)/IsItPrime.app/IsItPrime";
			};
			name = Release;
		};
/* End XCBuildConfiguration section */

/* Begin XCConfigurationList section */
		C239F7551B38E9D9002EB945 /* Build configuration list for PBXProject "IsItPrime" */ = {
			isa = XCConfigurationList;
			buildConfigurations = (
				C239F7771B38E9D9002EB945 /* Debug */,
				C239F7781B38E9D9002EB945 /* Release */,
			);
			defaultConfigurationIsVisible = 0;
			defaultConfigurationName = Release;
		};
		C239F7791B38E9D9002EB945 /* Build configuration list for PBXNativeTarget "IsItPrime" */ = {
			isa = XCConfigurationList;
			buildConfigurations = (
				C239F77A1B38E9D9002EB945 /* Debug */,
				C239F77B1B38E9D9002EB945 /* Release */,
			);
			defaultConfigurationIsVisible = 0;
		};
		C239F77C1B38E9D9002EB945 /* Build configuration list for PBXNativeTarget "IsItPrimeTests" */ = {
			isa = XCConfigurationList;
			buildConfigurations = (
				C239F77D1B38E9D9002EB945 /* Debug */,
				C239F77E1B38E9D9002EB945 /* Release */,
			);
			defaultConfigurationIsVisible = 0;
		};
/* End XCConfigurationList section */
	};
	rootObject = C239F7521B38E9D9002EB945 /* Project object */;
}
