// !$*UTF8*$!
{
	archiveVersion = 1;
	classes = {
	};
	objectVersion = 46;
	objects = {

/* Begin PBXBuildFile section */
		C2A3F1A41B326AE500D9774A /* AppDelegate.swift in Sources */ = {isa = PBXBuildFile; fileRef = C2A3F1A31B326AE500D9774A /* AppDelegate.swift */; };
		C2A3F1A61B326AE500D9774A /* ViewController.swift in Sources */ = {isa = PBXBuildFile; fileRef = C2A3F1A51B326AE500D9774A /* ViewController.swift */; };
		C2A3F1A91B326AE500D9774A /* Main.storyboard in Resources */ = {isa = PBXBuildFile; fileRef = C2A3F1A71B326AE500D9774A /* Main.storyboard */; };
		C2A3F1AB1B326AE500D9774A /* Images.xcassets in Resources */ = {isa = PBXBuildFile; fileRef = C2A3F1AA1B326AE500D9774A /* Images.xcassets */; };
		C2A3F1AE1B326AE500D9774A /* LaunchScreen.xib in Resources */ = {isa = PBXBuildFile; fileRef = C2A3F1AC1B326AE500D9774A /* LaunchScreen.xib */; };
		C2A3F1BA1B326AE500D9774A /* Testing1Tests.swift in Sources */ = {isa = PBXBuildFile; fileRef = C2A3F1B91B326AE500D9774A /* Testing1Tests.swift */; };
/* End PBXBuildFile section */

/* Begin PBXContainerItemProxy section */
		C2A3F1B41B326AE500D9774A /* PBXContainerItemProxy */ = {
			isa = PBXContainerItemProxy;
			containerPortal = C2A3F1961B326AE400D9774A /* Project object */;
			proxyType = 1;
			remoteGlobalIDString = C2A3F19D1B326AE400D9774A;
			remoteInfo = Testing1;
		};
/* End PBXContainerItemProxy section */

/* Begin PBXFileReference section */
		C2A3F19E1B326AE400D9774A /* Testing1.app */ = {isa = PBXFileReference; explicitFileType = wrapper.application; includeInIndex = 0; path = Testing1.app; sourceTree = BUILT_PRODUCTS_DIR; };
		C2A3F1A21B326AE400D9774A /* Info.plist */ = {isa = PBXFileReference; lastKnownFileType = text.plist.xml; path = Info.plist; sourceTree = "<group>"; };
		C2A3F1A31B326AE500D9774A /* AppDelegate.swift */ = {isa = PBXFileReference; lastKnownFileType = sourcecode.swift; path = AppDelegate.swift; sourceTree = "<group>"; };
		C2A3F1A51B326AE500D9774A /* ViewController.swift */ = {isa = PBXFileReference; lastKnownFileType = sourcecode.swift; path = ViewController.swift; sourceTree = "<group>"; };
		C2A3F1A81B326AE500D9774A /* Base */ = {isa = PBXFileReference; lastKnownFileType = file.storyboard; name = Base; path = Base.lproj/Main.storyboard; sourceTree = "<group>"; };
		C2A3F1AA1B326AE500D9774A /* Images.xcassets */ = {isa = PBXFileReference; lastKnownFileType = folder.assetcatalog; path = Images.xcassets; sourceTree = "<group>"; };
		C2A3F1AD1B326AE500D9774A /* Base */ = {isa = PBXFileReference; lastKnownFileType = file.xib; name = Base; path = Base.lproj/LaunchScreen.xib; sourceTree = "<group>"; };
		C2A3F1B31B326AE500D9774A /* Testing1Tests.xctest */ = {isa = PBXFileReference; explicitFileType = wrapper.cfbundle; includeInIndex = 0; path = Testing1Tests.xctest; sourceTree = BUILT_PRODUCTS_DIR; };
		C2A3F1B81B326AE500D9774A /* Info.plist */ = {isa = PBXFileReference; lastKnownFileType = text.plist.xml; path = Info.plist; sourceTree = "<group>"; };
		C2A3F1B91B326AE500D9774A /* Testing1Tests.swift */ = {isa = PBXFileReference; lastKnownFileType = sourcecode.swift; path = Testing1Tests.swift; sourceTree = "<group>"; };
/* End PBXFileReference section */

/* Begin PBXFrameworksBuildPhase section */
		C2A3F19B1B326AE400D9774A /* Frameworks */ = {
			isa = PBXFrameworksBuildPhase;
			buildActionMask = 2147483647;
			files = (
			);
			runOnlyForDeploymentPostprocessing = 0;
		};
		C2A3F1B01B326AE500D9774A /* Frameworks */ = {
			isa = PBXFrameworksBuildPhase;
			buildActionMask = 2147483647;
			files = (
			);
			runOnlyForDeploymentPostprocessing = 0;
		};
/* End PBXFrameworksBuildPhase section */

/* Begin PBXGroup section */
		C2A3F1951B326AE400D9774A = {
			isa = PBXGroup;
			children = (
				C2A3F1A01B326AE400D9774A /* Testing1 */,
				C2A3F1B61B326AE500D9774A /* Testing1Tests */,
				C2A3F19F1B326AE400D9774A /* Products */,
			);
			sourceTree = "<group>";
		};
		C2A3F19F1B326AE400D9774A /* Products */ = {
			isa = PBXGroup;
			children = (
				C2A3F19E1B326AE400D9774A /* Testing1.app */,
				C2A3F1B31B326AE500D9774A /* Testing1Tests.xctest */,
			);
			name = Products;
			sourceTree = "<group>";
		};
		C2A3F1A01B326AE400D9774A /* Testing1 */ = {
			isa = PBXGroup;
			children = (
				C2A3F1A31B326AE500D9774A /* AppDelegate.swift */,
				C2A3F1A51B326AE500D9774A /* ViewController.swift */,
				C2A3F1A71B326AE500D9774A /* Main.storyboard */,
				C2A3F1AA1B326AE500D9774A /* Images.xcassets */,
				C2A3F1AC1B326AE500D9774A /* LaunchScreen.xib */,
				C2A3F1A11B326AE400D9774A /* Supporting Files */,
			);
			path = Testing1;
			sourceTree = "<group>";
		};
		C2A3F1A11B326AE400D9774A /* Supporting Files */ = {
			isa = PBXGroup;
			children = (
				C2A3F1A21B326AE400D9774A /* Info.plist */,
			);
			name = "Supporting Files";
			sourceTree = "<group>";
		};
		C2A3F1B61B326AE500D9774A /* Testing1Tests */ = {
			isa = PBXGroup;
			children = (
				C2A3F1B91B326AE500D9774A /* Testing1Tests.swift */,
				C2A3F1B71B326AE500D9774A /* Supporting Files */,
			);
			path = Testing1Tests;
			sourceTree = "<group>";
		};
		C2A3F1B71B326AE500D9774A /* Supporting Files */ = {
			isa = PBXGroup;
			children = (
				C2A3F1B81B326AE500D9774A /* Info.plist */,
			);
			name = "Supporting Files";
			sourceTree = "<group>";
		};
/* End PBXGroup section */

/* Begin PBXNativeTarget section */
		C2A3F19D1B326AE400D9774A /* Testing1 */ = {
			isa = PBXNativeTarget;
			buildConfigurationList = C2A3F1BD1B326AE500D9774A /* Build configuration list for PBXNativeTarget "Testing1" */;
			buildPhases = (
				C2A3F19A1B326AE400D9774A /* Sources */,
				C2A3F19B1B326AE400D9774A /* Frameworks */,
				C2A3F19C1B326AE400D9774A /* Resources */,
			);
			buildRules = (
			);
			dependencies = (
			);
			name = Testing1;
			productName = Testing1;
			productReference = C2A3F19E1B326AE400D9774A /* Testing1.app */;
			productType = "com.apple.product-type.application";
		};
		C2A3F1B21B326AE500D9774A /* Testing1Tests */ = {
			isa = PBXNativeTarget;
			buildConfigurationList = C2A3F1C01B326AE500D9774A /* Build configuration list for PBXNativeTarget "Testing1Tests" */;
			buildPhases = (
				C2A3F1AF1B326AE500D9774A /* Sources */,
				C2A3F1B01B326AE500D9774A /* Frameworks */,
				C2A3F1B11B326AE500D9774A /* Resources */,
			);
			buildRules = (
			);
			dependencies = (
				C2A3F1B51B326AE500D9774A /* PBXTargetDependency */,
			);
			name = Testing1Tests;
			productName = Testing1Tests;
			productReference = C2A3F1B31B326AE500D9774A /* Testing1Tests.xctest */;
			productType = "com.apple.product-type.bundle.unit-test";
		};
/* End PBXNativeTarget section */

/* Begin PBXProject section */
		C2A3F1961B326AE400D9774A /* Project object */ = {
			isa = PBXProject;
			attributes = {
				LastUpgradeCheck = 0630;
				ORGANIZATIONNAME = "Brad Guner";
				TargetAttributes = {
					C2A3F19D1B326AE400D9774A = {
						CreatedOnToolsVersion = 6.3.2;
					};
					C2A3F1B21B326AE500D9774A = {
						CreatedOnToolsVersion = 6.3.2;
						TestTargetID = C2A3F19D1B326AE400D9774A;
					};
				};
			};
			buildConfigurationList = C2A3F1991B326AE400D9774A /* Build configuration list for PBXProject "Testing1" */;
			compatibilityVersion = "Xcode 3.2";
			developmentRegion = English;
			hasScannedForEncodings = 0;
			knownRegions = (
				en,
				Base,
			);
			mainGroup = C2A3F1951B326AE400D9774A;
			productRefGroup = C2A3F19F1B326AE400D9774A /* Products */;
			projectDirPath = "";
			projectRoot = "";
			targets = (
				C2A3F19D1B326AE400D9774A /* Testing1 */,
				C2A3F1B21B326AE500D9774A /* Testing1Tests */,
			);
		};
/* End PBXProject section */

/* Begin PBXResourcesBuildPhase section */
		C2A3F19C1B326AE400D9774A /* Resources */ = {
			isa = PBXResourcesBuildPhase;
			buildActionMask = 2147483647;
			files = (
				C2A3F1A91B326AE500D9774A /* Main.storyboard in Resources */,
				C2A3F1AE1B326AE500D9774A /* LaunchScreen.xib in Resources */,
				C2A3F1AB1B326AE500D9774A /* Images.xcassets in Resources */,
			);
			runOnlyForDeploymentPostprocessing = 0;
		};
		C2A3F1B11B326AE500D9774A /* Resources */ = {
			isa = PBXResourcesBuildPhase;
			buildActionMask = 2147483647;
			files = (
			);
			runOnlyForDeploymentPostprocessing = 0;
		};
/* End PBXResourcesBuildPhase section */

/* Begin PBXSourcesBuildPhase section */
		C2A3F19A1B326AE400D9774A /* Sources */ = {
			isa = PBXSourcesBuildPhase;
			buildActionMask = 2147483647;
			files = (
				C2A3F1A61B326AE500D9774A /* ViewController.swift in Sources */,
				C2A3F1A41B326AE500D9774A /* AppDelegate.swift in Sources */,
			);
			runOnlyForDeploymentPostprocessing = 0;
		};
		C2A3F1AF1B326AE500D9774A /* Sources */ = {
			isa = PBXSourcesBuildPhase;
			buildActionMask = 2147483647;
			files = (
				C2A3F1BA1B326AE500D9774A /* Testing1Tests.swift in Sources */,
			);
			runOnlyForDeploymentPostprocessing = 0;
		};
/* End PBXSourcesBuildPhase section */

/* Begin PBXTargetDependency section */
		C2A3F1B51B326AE500D9774A /* PBXTargetDependency */ = {
			isa = PBXTargetDependency;
			target = C2A3F19D1B326AE400D9774A /* Testing1 */;
			targetProxy = C2A3F1B41B326AE500D9774A /* PBXContainerItemProxy */;
		};
/* End PBXTargetDependency section */

/* Begin PBXVariantGroup section */
		C2A3F1A71B326AE500D9774A /* Main.storyboard */ = {
			isa = PBXVariantGroup;
			children = (
				C2A3F1A81B326AE500D9774A /* Base */,
			);
			name = Main.storyboard;
			sourceTree = "<group>";
		};
		C2A3F1AC1B326AE500D9774A /* LaunchScreen.xib */ = {
			isa = PBXVariantGroup;
			children = (
				C2A3F1AD1B326AE500D9774A /* Base */,
			);
			name = LaunchScreen.xib;
			sourceTree = "<group>";
		};
/* End PBXVariantGroup section */

/* Begin XCBuildConfiguration section */
		C2A3F1BB1B326AE500D9774A /* Debug */ = {
			isa = XCBuildConfiguration;
			buildSettings = {
				ALWAYS_SEARCH_USER_PATHS = NO;
				CLANG_CXX_LANGUAGE_STANDARD = "gnu++0x";
				CLANG_CXX_LIBRARY = "libc++";
				CLANG_ENABLE_MODULES = YES;
				CLANG_ENABLE_OBJC_ARC = YES;
				CLANG_WARN_BOOL_CONVERSION = YES;
				CLANG_WARN_CONSTANT_CONVERSION = YES;
				CLANG_WARN_DIRECT_OBJC_ISA_USAGE = YES_ERROR;
				CLANG_WARN_EMPTY_BODY = YES;
				CLANG_WARN_ENUM_CONVERSION = YES;
				CLANG_WARN_INT_CONVERSION = YES;
				CLANG_WARN_OBJC_ROOT_CLASS = YES_ERROR;
				CLANG_WARN_UNREACHABLE_CODE = YES;
				CLANG_WARN__DUPLICATE_METHOD_MATCH = YES;
				"CODE_SIGN_IDENTITY[sdk=iphoneos*]" = "iPhone Developer";
				COPY_PHASE_STRIP = NO;
				DEBUG_INFORMATION_FORMAT = "dwarf-with-dsym";
				ENABLE_STRICT_OBJC_MSGSEND = YES;
				GCC_C_LANGUAGE_STANDARD = gnu99;
				GCC_DYNAMIC_NO_PIC = NO;
				GCC_NO_COMMON_BLOCKS = YES;
				GCC_OPTIMIZATION_LEVEL = 0;
				GCC_PREPROCESSOR_DEFINITIONS = (
					"DEBUG=1",
					"$(inherited)",
				);
				GCC_SYMBOLS_PRIVATE_EXTERN = NO;
				GCC_WARN_64_TO_32_BIT_CONVERSION = YES;
				GCC_WARN_ABOUT_RETURN_TYPE = YES_ERROR;
				GCC_WARN_UNDECLARED_SELECTOR = YES;
				GCC_WARN_UNINITIALIZED_AUTOS = YES_AGGRESSIVE;
				GCC_WARN_UNUSED_FUNCTION = YES;
				GCC_WARN_UNUSED_VARIABLE = YES;
				IPHONEOS_DEPLOYMENT_TARGET = 8.3;
				MTL_ENABLE_DEBUG_INFO = YES;
				ONLY_ACTIVE_ARCH = YES;
				SDKROOT = iphoneos;
				SWIFT_OPTIMIZATION_LEVEL = "-Onone";
			};
			name = Debug;
		};
		C2A3F1BC1B326AE500D9774A /* Release */ = {
			isa = XCBuildConfiguration;
			buildSettings = {
				ALWAYS_SEARCH_USER_PATHS = NO;
				CLANG_CXX_LANGUAGE_STANDARD = "gnu++0x";
				CLANG_CXX_LIBRARY = "libc++";
				CLANG_ENABLE_MODULES = YES;
				CLANG_ENABLE_OBJC_ARC = YES;
				CLANG_WARN_BOOL_CONVERSION = YES;
				CLANG_WARN_CONSTANT_CONVERSION = YES;
				CLANG_WARN_DIRECT_OBJC_ISA_USAGE = YES_ERROR;
				CLANG_WARN_EMPTY_BODY = YES;
				CLANG_WARN_ENUM_CONVERSION = YES;
				CLANG_WARN_INT_CONVERSION = YES;
				CLANG_WARN_OBJC_ROOT_CLASS = YES_ERROR;
				CLANG_WARN_UNREACHABLE_CODE = YES;
				CLANG_WARN__DUPLICATE_METHOD_MATCH = YES;
				"CODE_SIGN_IDENTITY[sdk=iphoneos*]" = "iPhone Developer";
				COPY_PHASE_STRIP = NO;
				DEBUG_INFORMATION_FORMAT = "dwarf-with-dsym";
				ENABLE_NS_ASSERTIONS = NO;
				ENABLE_STRICT_OBJC_MSGSEND = YES;
				GCC_C_LANGUAGE_STANDARD = gnu99;
				GCC_NO_COMMON_BLOCKS = YES;
				GCC_WARN_64_TO_32_BIT_CONVERSION = YES;
				GCC_WARN_ABOUT_RETURN_TYPE = YES_ERROR;
				GCC_WARN_UNDECLARED_SELECTOR = YES;
				GCC_WARN_UNINITIALIZED_AUTOS = YES_AGGRESSIVE;
				GCC_WARN_UNUSED_FUNCTION = YES;
				GCC_WARN_UNUSED_VARIABLE = YES;
				IPHONEOS_DEPLOYMENT_TARGET = 8.3;
				MTL_ENABLE_DEBUG_INFO = NO;
				SDKROOT = iphoneos;
				VALIDATE_PRODUCT = YES;
			};
			name = Release;
		};
		C2A3F1BE1B326AE500D9774A /* Debug */ = {
			isa = XCBuildConfiguration;
			buildSettings = {
				ASSETCATALOG_COMPILER_APPICON_NAME = AppIcon;
				INFOPLIST_FILE = Testing1/Info.plist;
				LD_RUNPATH_SEARCH_PATHS = "$(inherited) @executable_path/Frameworks";
				PRODUCT_NAME = "$(TARGET_NAME)";
			};
			name = Debug;
		};
		C2A3F1BF1B326AE500D9774A /* Release */ = {
			isa = XCBuildConfiguration;
			buildSettings = {
				ASSETCATALOG_COMPILER_APPICON_NAME = AppIcon;
				INFOPLIST_FILE = Testing1/Info.plist;
				LD_RUNPATH_SEARCH_PATHS = "$(inherited) @executable_path/Frameworks";
				PRODUCT_NAME = "$(TARGET_NAME)";
			};
			name = Release;
		};
		C2A3F1C11B326AE500D9774A /* Debug */ = {
			isa = XCBuildConfiguration;
			buildSettings = {
				BUNDLE_LOADER = "$(TEST_HOST)";
				FRAMEWORK_SEARCH_PATHS = (
					"$(SDKROOT)/Developer/Library/Frameworks",
					"$(inherited)",
				);
				GCC_PREPROCESSOR_DEFINITIONS = (
					"DEBUG=1",
					"$(inherited)",
				);
				INFOPLIST_FILE = Testing1Tests/Info.plist;
				LD_RUNPATH_SEARCH_PATHS = "$(inherited) @executable_path/Frameworks @loader_path/Frameworks";
				PRODUCT_NAME = "$(TARGET_NAME)";
				TEST_HOST = "$(BUILT_PRODUCTS_DIR)/Testing1.app/Testing1";
			};
			name = Debug;
		};
		C2A3F1C21B326AE500D9774A /* Release */ = {
			isa = XCBuildConfiguration;
			buildSettings = {
				BUNDLE_LOADER = "$(TEST_HOST)";
				FRAMEWORK_SEARCH_PATHS = (
					"$(SDKROOT)/Developer/Library/Frameworks",
					"$(inherited)",
				);
				INFOPLIST_FILE = Testing1Tests/Info.plist;
				LD_RUNPATH_SEARCH_PATHS = "$(inherited) @executable_path/Frameworks @loader_path/Frameworks";
				PRODUCT_NAME = "$(TARGET_NAME)";
				TEST_HOST = "$(BUILT_PRODUCTS_DIR)/Testing1.app/Testing1";
			};
			name = Release;
		};
/* End XCBuildConfiguration section */

/* Begin XCConfigurationList section */
		C2A3F1991B326AE400D9774A /* Build configuration list for PBXProject "Testing1" */ = {
			isa = XCConfigurationList;
			buildConfigurations = (
				C2A3F1BB1B326AE500D9774A /* Debug */,
				C2A3F1BC1B326AE500D9774A /* Release */,
			);
			defaultConfigurationIsVisible = 0;
			defaultConfigurationName = Release;
		};
		C2A3F1BD1B326AE500D9774A /* Build configuration list for PBXNativeTarget "Testing1" */ = {
			isa = XCConfigurationList;
			buildConfigurations = (
				C2A3F1BE1B326AE500D9774A /* Debug */,
				C2A3F1BF1B326AE500D9774A /* Release */,
			);
			defaultConfigurationIsVisible = 0;
		};
		C2A3F1C01B326AE500D9774A /* Build configuration list for PBXNativeTarget "Testing1Tests" */ = {
			isa = XCConfigurationList;
			buildConfigurations = (
				C2A3F1C11B326AE500D9774A /* Debug */,
				C2A3F1C21B326AE500D9774A /* Release */,
			);
			defaultConfigurationIsVisible = 0;
		};
/* End XCConfigurationList section */
	};
	rootObject = C2A3F1961B326AE400D9774A /* Project object */;
}
